
Microsoft Visual Studio Solution File, Format Version 12.00
Project("{FAE04EC0-301F-11D3-BF4B-00C04F79EFBC}") = "Plunger.Data", "Plunger.Data\Plunger.Data.csproj", "{89E1C621-7C12-4DAA-9DB8-96BE2997381E}"
EndProject
Project("{FAE04EC0-301F-11D3-BF4B-00C04F79EFBC}") = "Plunger.WebAPI", "Plunger.WebAPI\Plunger.WebAPI.csproj", "{8E713C84-8868-415D-8222-3167988E3052}"
EndProject
Project("{FAE04EC0-301F-11D3-BF4B-00C04F79EFBC}") = "Plunger.DbFiller", "Plunger.DbFiller\Plunger.DbFiller.csproj", "{4F1E459F-A53A-4315-AF70-CD3434847711}"
EndProject
Global
	GlobalSection(SolutionConfigurationPlatforms) = preSolution
		Debug|Any CPU = Debug|Any CPU
		Release|Any CPU = Release|Any CPU
	EndGlobalSection
	GlobalSection(ProjectConfigurationPlatforms) = postSolution
		{89E1C621-7C12-4DAA-9DB8-96BE2997381E}.Debug|Any CPU.ActiveCfg = Debug|Any CPU
		{89E1C621-7C12-4DAA-9DB8-96BE2997381E}.Debug|Any CPU.Build.0 = Debug|Any CPU
		{89E1C621-7C12-4DAA-9DB8-96BE2997381E}.Release|Any CPU.ActiveCfg = Release|Any CPU
		{89E1C621-7C12-4DAA-9DB8-96BE2997381E}.Release|Any CPU.Build.0 = Release|Any CPU
		{8E713C84-8868-415D-8222-3167988E3052}.Debug|Any CPU.ActiveCfg = Debug|Any CPU
		{8E713C84-8868-415D-8222-3167988E3052}.Debug|Any CPU.Build.0 = Debug|Any CPU
		{8E713C84-8868-415D-8222-3167988E3052}.Release|Any CPU.ActiveCfg = Release|Any CPU
		{8E713C84-8868-415D-8222-3167988E3052}.Release|Any CPU.Build.0 = Release|Any CPU
		{4F1E459F-A53A-4315-AF70-CD3434847711}.Debug|Any CPU.ActiveCfg = Debug|Any CPU
		{4F1E459F-A53A-4315-AF70-CD3434847711}.Debug|Any CPU.Build.0 = Debug|Any CPU
		{4F1E459F-A53A-4315-AF70-CD3434847711}.Release|Any CPU.ActiveCfg = Release|Any CPU
		{4F1E459F-A53A-4315-AF70-CD3434847711}.Release|Any CPU.Build.0 = Release|Any CPU
	EndGlobalSection
EndGlobal
